
Microsoft Visual Studio Solution File, Format Version 12.00
# Visual Studio 15
VisualStudioVersion = 15.0.27428.1
MinimumVisualStudioVersion = 10.0.40219.1
Project("{FAE04EC0-301F-11D3-BF4B-00C04F79EFBC}") = "CoursWpfM2I", "CoursWpfM2I\CoursWpfM2I.csproj", "{F6CCC668-825D-4C4F-AA31-13757CED7D30}"
EndProject
Project("{FAE04EC0-301F-11D3-BF4B-00C04F79EFBC}") = "CoursMVVM", "CoursMVVM\CoursMVVM.csproj", "{5869B240-2E36-46A0-B21F-E3A825B1FE6F}"
EndProject
Global
	GlobalSection(SolutionConfigurationPlatforms) = preSolution
		Debug|Any CPU = Debug|Any CPU
		Release|Any CPU = Release|Any CPU
	EndGlobalSection
	GlobalSection(ProjectConfigurationPlatforms) = postSolution
		{F6CCC668-825D-4C4F-AA31-13757CED7D30}.Debug|Any CPU.ActiveCfg = Debug|Any CPU
		{F6CCC668-825D-4C4F-AA31-13757CED7D30}.Debug|Any CPU.Build.0 = Debug|Any CPU
		{F6CCC668-825D-4C4F-AA31-13757CED7D30}.Release|Any CPU.ActiveCfg = Release|Any CPU
		{F6CCC668-825D-4C4F-AA31-13757CED7D30}.Release|Any CPU.Build.0 = Release|Any CPU
		{5869B240-2E36-46A0-B21F-E3A825B1FE6F}.Debug|Any CPU.ActiveCfg = Debug|Any CPU
		{5869B240-2E36-46A0-B21F-E3A825B1FE6F}.Debug|Any CPU.Build.0 = Debug|Any CPU
		{5869B240-2E36-46A0-B21F-E3A825B1FE6F}.Release|Any CPU.ActiveCfg = Release|Any CPU
		{5869B240-2E36-46A0-B21F-E3A825B1FE6F}.Release|Any CPU.Build.0 = Release|Any CPU
	EndGlobalSection
	GlobalSection(SolutionProperties) = preSolution
		HideSolutionNode = FALSE
	EndGlobalSection
	GlobalSection(ExtensibilityGlobals) = postSolution
		SolutionGuid = {691F231E-92A0-4F7B-9631-CF08714ACEE9}
	EndGlobalSection
EndGlobal
